
Microsoft Visual Studio Solution File, Format Version 12.00
# Visual Studio Version 16
VisualStudioVersion = 16.0.29009.5
MinimumVisualStudioVersion = 10.0.40219.1
Project("{FAE04EC0-301F-11D3-BF4B-00C04F79EFBC}") = "CS Compiler Interface", "CS Compiler Interface.csproj", "{0E789CF4-11DD-4D73-9296-D624D579733B}"
EndProject
Global
	GlobalSection(SolutionConfigurationPlatforms) = preSolution
		Debug|Any CPU = Debug|Any CPU
		Release|Any CPU = Release|Any CPU
	EndGlobalSection
	GlobalSection(ProjectConfigurationPlatforms) = postSolution
		{0E789CF4-11DD-4D73-9296-D624D579733B}.Debug|Any CPU.ActiveCfg = Debug|Any CPU
		{0E789CF4-11DD-4D73-9296-D624D579733B}.Debug|Any CPU.Build.0 = Debug|Any CPU
		{0E789CF4-11DD-4D73-9296-D624D579733B}.Release|Any CPU.ActiveCfg = Release|Any CPU
		{0E789CF4-11DD-4D73-9296-D624D579733B}.Release|Any CPU.Build.0 = Release|Any CPU
	EndGlobalSection
	GlobalSection(SolutionProperties) = preSolution
		HideSolutionNode = FALSE
	EndGlobalSection
	GlobalSection(ExtensibilityGlobals) = postSolution
		SolutionGuid = {ABCE7BE8-D507-40C3-A21A-AC0CFCAD3621}
	EndGlobalSection
EndGlobal
